<?xml version="1.0" encoding="utf-8"?>
<Project ToolsVersion="4.0" xmlns="http://schemas.microsoft.com/developer/msbuild/2003">
  <ItemGroup>
    <Filter Include="Source Files">
      <UniqueIdentifier>{4FC737F1-C7A5-4376-A066-2A32D752A2FF}</UniqueIdentifier>
      <Extensions>cpp;c;cc;cxx;def;odl;idl;hpj;bat;asm;asmx</Extensions>
    </Filter>
    <Filter Include="Resource Files">
      <UniqueIdentifier>{67DA6AB6-F800-4c08-8B7A-83BB121AAD01}</UniqueIdentifier>
      <Extensions>rc;ico;cur;bmp;dlg;rc2;rct;bin;rgs;gif;jpg;jpeg;jpe;resx;tiff;tif;png;wav;mfcribbon-ms</Extensions>
    </Filter>
    <Filter Include="Chess">
      <UniqueIdentifier>{4f216cbf-e527-4d0a-b6b8-b3e8ddc86513}</UniqueIdentifier>
    </Filter>
    <Filter Include="Chess\Pieces">
      <UniqueIdentifier>{eed8e721-a8b0-47b7-8ffa-bb3a7d5ef2d5}</UniqueIdentifier>
    </Filter>
    <Filter Include="Chess\Factory">
      <UniqueIdentifier>{f8cedccb-2aa1-4305-bb14-8f0a5a885d26}</UniqueIdentifier>
    </Filter>
    <Filter Include="Interfaces">
      <UniqueIdentifier>{2105c0dc-22a8-4bce-a2ac-e5b0b47e6f7c}</UniqueIdentifier>
    </Filter>
    <Filter Include="Application">
      <UniqueIdentifier>{1de8c1e9-52f7-4fff-8fd2-774b3be41027}</UniqueIdentifier>
    </Filter>
    <Filter Include="Constants">
      <UniqueIdentifier>{308bf9a3-b788-428f-b16e-433b547982f3}</UniqueIdentifier>
    </Filter>
  </ItemGroup>
  <ItemGroup>
    <ClCompile Include="Main.cpp">
      <Filter>Source Files</Filter>
    </ClCompile>
    <ClCompile Include="SDLTextManager.cpp">
      <Filter>Source Files</Filter>
    </ClCompile>
    <ClCompile Include="Application.cpp">
      <Filter>Application</Filter>
    </ClCompile>
    <ClCompile Include="Chess\ChessBoard.cpp">
      <Filter>Chess</Filter>
    </ClCompile>
    <ClCompile Include="Chess\ChessGameState.cpp">
      <Filter>Chess</Filter>
    </ClCompile>
    <ClCompile Include="Chess\Square.cpp">
      <Filter>Chess</Filter>
    </ClCompile>
    <ClCompile Include="Chess\Pieces\Bishop.cpp">
      <Filter>Chess\Pieces</Filter>
    </ClCompile>
    <ClCompile Include="Chess\Pieces\King.cpp">
      <Filter>Chess\Pieces</Filter>
    </ClCompile>
    <ClCompile Include="Chess\Pieces\Knight.cpp">
      <Filter>Chess\Pieces</Filter>
    </ClCompile>
    <ClCompile Include="Chess\Pieces\Pawn.cpp">
      <Filter>Chess\Pieces</Filter>
    </ClCompile>
    <ClCompile Include="Chess\Pieces\Queen.cpp">
      <Filter>Chess\Pieces</Filter>
    </ClCompile>
    <ClCompile Include="Chess\Pieces\Rook.cpp">
      <Filter>Chess\Pieces</Filter>
    </ClCompile>
    <ClCompile Include="Chess\Factory\PieceFactory.cpp">
      <Filter>Chess\Factory</Filter>
    </ClCompile>
    <ClCompile Include="SDLTextureManager.cpp">
      <Filter>Source Files</Filter>
    </ClCompile>
  </ItemGroup>
  <ItemGroup>
    <ClInclude Include="Application.h">
      <Filter>Application</Filter>
    </ClInclude>
    <ClInclude Include="SDLTextManager.h">
      <Filter>Source Files</Filter>
    </ClInclude>
    <ClInclude Include="Constants\Constants.h">
      <Filter>Constants</Filter>
    </ClInclude>
    <ClInclude Include="Interfaces\Board.h">
      <Filter>Interfaces</Filter>
    </ClInclude>
    <ClInclude Include="Interfaces\Piece.h">
      <Filter>Interfaces</Filter>
    </ClInclude>
    <ClInclude Include="Constants\ChessConstants.h">
      <Filter>Constants</Filter>
    </ClInclude>
    <ClInclude Include="Chess\ChessBoard.h">
      <Filter>Chess</Filter>
    </ClInclude>
    <ClInclude Include="Chess\ChessGameState.h">
      <Filter>Chess</Filter>
    </ClInclude>
    <ClInclude Include="Chess\Square.h">
      <Filter>Chess</Filter>
    </ClInclude>
    <ClInclude Include="Chess\Pieces\Bishop.h">
      <Filter>Chess\Pieces</Filter>
    </ClInclude>
    <ClInclude Include="Chess\Pieces\King.h">
      <Filter>Chess\Pieces</Filter>
    </ClInclude>
    <ClInclude Include="Chess\Pieces\Knight.h">
      <Filter>Chess\Pieces</Filter>
    </ClInclude>
    <ClInclude Include="Chess\Pieces\Pawn.h">
      <Filter>Chess\Pieces</Filter>
    </ClInclude>
    <ClInclude Include="Chess\Pieces\Queen.h">
      <Filter>Chess\Pieces</Filter>
    </ClInclude>
    <ClInclude Include="Chess\Pieces\Rook.h">
      <Filter>Chess\Pieces</Filter>
    </ClInclude>
    <ClInclude Include="Chess\Factory\PieceFactory.h">
      <Filter>Chess\Factory</Filter>
    </ClInclude>
    <ClInclude Include="SDLTextureManager.h" />
  </ItemGroup>
</Project>